// !$*UTF8*$!
{
	archiveVersion = 1;
	classes = {
	};
	objectVersion = 46;
	objects = {

/* Begin PBXBuildFile section */
		1D97692DC845BC6DD61BE570 /* libPods.a in Frameworks */ = {isa = PBXBuildFile; fileRef = 64890B0F658280B134C97C1D /* libPods.a */; };
		84090CFC1DBDAD8B00C277FC /* ScoreViewController.m in Sources */ = {isa = PBXBuildFile; fileRef = 84090CFB1DBDAD8B00C277FC /* ScoreViewController.m */; };
		84090D001DBDD4ED00C277FC /* ScoreTableViewCell.m in Sources */ = {isa = PBXBuildFile; fileRef = 84090CFE1DBDD4ED00C277FC /* ScoreTableViewCell.m */; };
		84090D011DBDD4ED00C277FC /* ScoreTableViewCell.xib in Resources */ = {isa = PBXBuildFile; fileRef = 84090CFF1DBDD4ED00C277FC /* ScoreTableViewCell.xib */; };
		84090D041DBEF44700C277FC /* AboutViewController.m in Sources */ = {isa = PBXBuildFile; fileRef = 84090D031DBEF44700C277FC /* AboutViewController.m */; };
		840FEE4F1CB622C70056C7BE /* main.m in Sources */ = {isa = PBXBuildFile; fileRef = 840FEE4E1CB622C70056C7BE /* main.m */; };
		840FEE521CB622C80056C7BE /* AppDelegate.m in Sources */ = {isa = PBXBuildFile; fileRef = 840FEE511CB622C80056C7BE /* AppDelegate.m */; };
		840FEE551CB622C80056C7BE /* LoginViewController.m in Sources */ = {isa = PBXBuildFile; fileRef = 840FEE541CB622C80056C7BE /* LoginViewController.m */; };
		840FEE581CB622C80056C7BE /* Main.storyboard in Resources */ = {isa = PBXBuildFile; fileRef = 840FEE561CB622C80056C7BE /* Main.storyboard */; };
		840FEE5A1CB622C90056C7BE /* Assets.xcassets in Resources */ = {isa = PBXBuildFile; fileRef = 840FEE591CB622C90056C7BE /* Assets.xcassets */; };
		840FEE681CB622C90056C7BE /* OpenlabTests.m in Sources */ = {isa = PBXBuildFile; fileRef = 840FEE671CB622C90056C7BE /* OpenlabTests.m */; };
		840FEE731CB622C90056C7BE /* OpenlabUITests.m in Sources */ = {isa = PBXBuildFile; fileRef = 840FEE721CB622C90056C7BE /* OpenlabUITests.m */; };
		840FEE881CB62AA60056C7BE /* WsqMD5Util.mm in Sources */ = {isa = PBXBuildFile; fileRef = 840FEE811CB62AA60056C7BE /* WsqMD5Util.mm */; settings = {COMPILER_FLAGS = "-fno-objc-arc"; }; };
		840FEE891CB62AA60056C7BE /* ElApiService.m in Sources */ = {isa = PBXBuildFile; fileRef = 840FEE841CB62AA60056C7BE /* ElApiService.m */; };
		840FEE8A1CB62AA60056C7BE /* GDataXMLNode.m in Sources */ = {isa = PBXBuildFile; fileRef = 840FEE861CB62AA60056C7BE /* GDataXMLNode.m */; settings = {COMPILER_FLAGS = "-fno-objc-arc"; }; };
		840FEE8E1CB62F130056C7BE /* MyObjectDataBean.m in Sources */ = {isa = PBXBuildFile; fileRef = 840FEE8D1CB62F130056C7BE /* MyObjectDataBean.m */; };
		8414DC8C1D99021E00CBC8CC /* FindPassViewController2.m in Sources */ = {isa = PBXBuildFile; fileRef = 8414DC8B1D99021E00CBC8CC /* FindPassViewController2.m */; };
		84283EEC1CD20ACF0039ED83 /* UIButton+Animation.m in Sources */ = {isa = PBXBuildFile; fileRef = 84283EEB1CD20ACF0039ED83 /* UIButton+Animation.m */; };
		843188571D825765000A2BF4 /* ico_make.png in Resources */ = {isa = PBXBuildFile; fileRef = 843188541D825765000A2BF4 /* ico_make.png */; };
		843188581D825765000A2BF4 /* JSDropDownMenu.m in Sources */ = {isa = PBXBuildFile; fileRef = 843188561D825765000A2BF4 /* JSDropDownMenu.m */; };
		8445D23C1D41B3C400C147D6 /* MyAssignmentUploadViewController.m in Sources */ = {isa = PBXBuildFile; fileRef = 8445D23B1D41B3C400C147D6 /* MyAssignmentUploadViewController.m */; };
		8445D2401D41BEF600C147D6 /* UploadCollectionViewCell.m in Sources */ = {isa = PBXBuildFile; fileRef = 8445D23E1D41BEF600C147D6 /* UploadCollectionViewCell.m */; };
		8445D2411D41BEF600C147D6 /* UploadCollectionViewCell.xib in Resources */ = {isa = PBXBuildFile; fileRef = 8445D23F1D41BEF600C147D6 /* UploadCollectionViewCell.xib */; };
		8445D2461D41F9C000C147D6 /* ImageUtils.m in Sources */ = {isa = PBXBuildFile; fileRef = 8445D2451D41F9C000C147D6 /* ImageUtils.m */; };
		8449C5521CD9F06C00893D9F /* ReservationTableViewCell.m in Sources */ = {isa = PBXBuildFile; fileRef = 8449C5501CD9F06C00893D9F /* ReservationTableViewCell.m */; };
		8449C5531CD9F06C00893D9F /* ReservationTableViewCell.xib in Resources */ = {isa = PBXBuildFile; fileRef = 8449C5511CD9F06C00893D9F /* ReservationTableViewCell.xib */; };
		8458AAFB1D0FE2CE00CFD2A0 /* MyExpandTableView.m in Sources */ = {isa = PBXBuildFile; fileRef = 8458AAFA1D0FE2CE00CFD2A0 /* MyExpandTableView.m */; };
		84A42C041CDB199600710DBA /* TimeUtils.m in Sources */ = {isa = PBXBuildFile; fileRef = 84A42C031CDB199500710DBA /* TimeUtils.m */; };
		84A6E4831D67E184001AD233 /* InfoPlist.strings in Resources */ = {isa = PBXBuildFile; fileRef = 84A6E4821D67E184001AD233 /* InfoPlist.strings */; };
		84BE21101CD337F10014BF87 /* jpush-ios-2.1.6.a in Frameworks */ = {isa = PBXBuildFile; fileRef = 84C51A051CC8CB1D004450FA /* jpush-ios-2.1.6.a */; settings = {ATTRIBUTES = (Required, ); }; };
		84BE21121CD33CFD0014BF87 /* libz.tbd in Frameworks */ = {isa = PBXBuildFile; fileRef = 84BE21111CD33CFD0014BF87 /* libz.tbd */; };
		84BE21141CD33D060014BF87 /* SystemConfiguration.framework in Frameworks */ = {isa = PBXBuildFile; fileRef = 84BE21131CD33D060014BF87 /* SystemConfiguration.framework */; };
		84BE21161CD33D0E0014BF87 /* MobileCoreServices.framework in Frameworks */ = {isa = PBXBuildFile; fileRef = 84BE21151CD33D0E0014BF87 /* MobileCoreServices.framework */; };
		84BE21181CD33D150014BF87 /* CFNetwork.framework in Frameworks */ = {isa = PBXBuildFile; fileRef = 84BE21171CD33D150014BF87 /* CFNetwork.framework */; };
		84BE211A1CD33DBF0014BF87 /* CoreTelephony.framework in Frameworks */ = {isa = PBXBuildFile; fileRef = 84BE21191CD33DBF0014BF87 /* CoreTelephony.framework */; };
		84C4DFE21D1A58930043F012 /* AssignmentTableViewCell.m in Sources */ = {isa = PBXBuildFile; fileRef = 84C4DFE01D1A58930043F012 /* AssignmentTableViewCell.m */; };
		84C4DFE31D1A58930043F012 /* AssignmentTableViewCell.xib in Resources */ = {isa = PBXBuildFile; fileRef = 84C4DFE11D1A58930043F012 /* AssignmentTableViewCell.xib */; };
		84C519BB1CC5FDFB004450FA /* MyStringUtils.m in Sources */ = {isa = PBXBuildFile; fileRef = 84C519BA1CC5FDFA004450FA /* MyStringUtils.m */; };
		84C519D11CC61E83004450FA /* errorCodePlist.plist in Resources */ = {isa = PBXBuildFile; fileRef = 84C519D01CC61E82004450FA /* errorCodePlist.plist */; };
		84C519D71CC716F2004450FA /* MyReservationController.m in Sources */ = {isa = PBXBuildFile; fileRef = 84C519D61CC716F2004450FA /* MyReservationController.m */; };
		84C519DA1CC71820004450FA /* MainViewController.m in Sources */ = {isa = PBXBuildFile; fileRef = 84C519D91CC71820004450FA /* MainViewController.m */; };
		84C519DD1CC718B9004450FA /* MyAssignmentController.m in Sources */ = {isa = PBXBuildFile; fileRef = 84C519DC1CC718B9004450FA /* MyAssignmentController.m */; };
		84C519E01CC71909004450FA /* MySettingController.m in Sources */ = {isa = PBXBuildFile; fileRef = 84C519DF1CC71909004450FA /* MySettingController.m */; };
		84C519E31CC71A6F004450FA /* MyTabbarController.m in Sources */ = {isa = PBXBuildFile; fileRef = 84C519E21CC71A6F004450FA /* MyTabbarController.m */; };
		84C519E61CC73307004450FA /* MyRadioGroupView.m in Sources */ = {isa = PBXBuildFile; fileRef = 84C519E51CC73307004450FA /* MyRadioGroupView.m */; };
		84C519F11CC777EF004450FA /* DateHelper.m in Sources */ = {isa = PBXBuildFile; fileRef = 84C519EA1CC777EE004450FA /* DateHelper.m */; };
		84C519F21CC777EF004450FA /* KMDatePicker.m in Sources */ = {isa = PBXBuildFile; fileRef = 84C519EC1CC777EE004450FA /* KMDatePicker.m */; };
		84C519F31CC777EF004450FA /* KMDatePickerDateModel.m in Sources */ = {isa = PBXBuildFile; fileRef = 84C519EE1CC777EE004450FA /* KMDatePickerDateModel.m */; };
		84C519F41CC777EF004450FA /* NSDate+CalculateDay.m in Sources */ = {isa = PBXBuildFile; fileRef = 84C519F01CC777EE004450FA /* NSDate+CalculateDay.m */; };
		84D7CCF81D6D2EA50084A1AB /* ImagePreviewController.m in Sources */ = {isa = PBXBuildFile; fileRef = 84D7CCF61D6D2EA50084A1AB /* ImagePreviewController.m */; };
		84EA425A1CC0D4FE00DFCBDA /* RegisterViewController.m in Sources */ = {isa = PBXBuildFile; fileRef = 84EA42591CC0D4FE00DFCBDA /* RegisterViewController.m */; };
		84EA425D1CC0E6BA00DFCBDA /* UIButton+BackgroundColor.m in Sources */ = {isa = PBXBuildFile; fileRef = 84EA425C1CC0E6BA00DFCBDA /* UIButton+BackgroundColor.m */; };
		84EA6A771D8FC10E0075433D /* FindPassViewController.m in Sources */ = {isa = PBXBuildFile; fileRef = 84EA6A761D8FC10D0075433D /* FindPassViewController.m */; };
/* End PBXBuildFile section */

/* Begin PBXContainerItemProxy section */
		840FEE641CB622C90056C7BE /* PBXContainerItemProxy */ = {
			isa = PBXContainerItemProxy;
			containerPortal = 840FEE421CB622C60056C7BE /* Project object */;
			proxyType = 1;
			remoteGlobalIDString = 840FEE491CB622C60056C7BE;
			remoteInfo = Openlab;
		};
		840FEE6F1CB622C90056C7BE /* PBXContainerItemProxy */ = {
			isa = PBXContainerItemProxy;
			containerPortal = 840FEE421CB622C60056C7BE /* Project object */;
			proxyType = 1;
			remoteGlobalIDString = 840FEE491CB622C60056C7BE;
			remoteInfo = Openlab;
		};
/* End PBXContainerItemProxy section */

/* Begin PBXFileReference section */
		18D508F21DDD7EDE006BF03D /* Openlab.entitlements */ = {isa = PBXFileReference; lastKnownFileType = text.plist.entitlements; path = Openlab.entitlements; sourceTree = "<group>"; };
		25F9FEEDBCEE3555D48FCC8A /* Pods.debug.xcconfig */ = {isa = PBXFileReference; includeInIndex = 1; lastKnownFileType = text.xcconfig; name = Pods.debug.xcconfig; path = "Pods/Target Support Files/Pods/Pods.debug.xcconfig"; sourceTree = "<group>"; };
		64890B0F658280B134C97C1D /* libPods.a */ = {isa = PBXFileReference; explicitFileType = archive.ar; includeInIndex = 0; path = libPods.a; sourceTree = BUILT_PRODUCTS_DIR; };
		71DEF7374D70CBA788026FD2 /* Pods.release.xcconfig */ = {isa = PBXFileReference; includeInIndex = 1; lastKnownFileType = text.xcconfig; name = Pods.release.xcconfig; path = "Pods/Target Support Files/Pods/Pods.release.xcconfig"; sourceTree = "<group>"; };
		84090CFA1DBDAD8B00C277FC /* ScoreViewController.h */ = {isa = PBXFileReference; fileEncoding = 4; lastKnownFileType = sourcecode.c.h; path = ScoreViewController.h; sourceTree = "<group>"; };
		84090CFB1DBDAD8B00C277FC /* ScoreViewController.m */ = {isa = PBXFileReference; fileEncoding = 4; lastKnownFileType = sourcecode.c.objc; path = ScoreViewController.m; sourceTree = "<group>"; };
		84090CFD1DBDD4ED00C277FC /* ScoreTableViewCell.h */ = {isa = PBXFileReference; fileEncoding = 4; lastKnownFileType = sourcecode.c.h; path = ScoreTableViewCell.h; sourceTree = "<group>"; };
		84090CFE1DBDD4ED00C277FC /* ScoreTableViewCell.m */ = {isa = PBXFileReference; fileEncoding = 4; lastKnownFileType = sourcecode.c.objc; path = ScoreTableViewCell.m; sourceTree = "<group>"; };
		84090CFF1DBDD4ED00C277FC /* ScoreTableViewCell.xib */ = {isa = PBXFileReference; fileEncoding = 4; lastKnownFileType = file.xib; path = ScoreTableViewCell.xib; sourceTree = "<group>"; };
		84090D021DBEF44700C277FC /* AboutViewController.h */ = {isa = PBXFileReference; fileEncoding = 4; lastKnownFileType = sourcecode.c.h; path = AboutViewController.h; sourceTree = "<group>"; };
		84090D031DBEF44700C277FC /* AboutViewController.m */ = {isa = PBXFileReference; fileEncoding = 4; lastKnownFileType = sourcecode.c.objc; path = AboutViewController.m; sourceTree = "<group>"; };
		840FEE4A1CB622C60056C7BE /* Openlab.app */ = {isa = PBXFileReference; explicitFileType = wrapper.application; includeInIndex = 0; path = Openlab.app; sourceTree = BUILT_PRODUCTS_DIR; };
		840FEE4E1CB622C70056C7BE /* main.m */ = {isa = PBXFileReference; lastKnownFileType = sourcecode.c.objc; path = main.m; sourceTree = "<group>"; };
		840FEE501CB622C80056C7BE /* AppDelegate.h */ = {isa = PBXFileReference; lastKnownFileType = sourcecode.c.h; path = AppDelegate.h; sourceTree = "<group>"; };
		840FEE511CB622C80056C7BE /* AppDelegate.m */ = {isa = PBXFileReference; lastKnownFileType = sourcecode.c.objc; path = AppDelegate.m; sourceTree = "<group>"; };
		840FEE531CB622C80056C7BE /* LoginViewController.h */ = {isa = PBXFileReference; lastKnownFileType = sourcecode.c.h; path = LoginViewController.h; sourceTree = "<group>"; };
		840FEE541CB622C80056C7BE /* LoginViewController.m */ = {isa = PBXFileReference; lastKnownFileType = sourcecode.c.objc; path = LoginViewController.m; sourceTree = "<group>"; };
		840FEE571CB622C80056C7BE /* Base */ = {isa = PBXFileReference; lastKnownFileType = file.storyboard; name = Base; path = Base.lproj/Main.storyboard; sourceTree = "<group>"; };
		840FEE591CB622C90056C7BE /* Assets.xcassets */ = {isa = PBXFileReference; lastKnownFileType = folder.assetcatalog; path = Assets.xcassets; sourceTree = "<group>"; };
		840FEE5E1CB622C90056C7BE /* Info.plist */ = {isa = PBXFileReference; lastKnownFileType = text.plist.xml; path = Info.plist; sourceTree = "<group>"; };
		840FEE631CB622C90056C7BE /* OpenlabTests.xctest */ = {isa = PBXFileReference; explicitFileType = wrapper.cfbundle; includeInIndex = 0; path = OpenlabTests.xctest; sourceTree = BUILT_PRODUCTS_DIR; };
		840FEE671CB622C90056C7BE /* OpenlabTests.m */ = {isa = PBXFileReference; lastKnownFileType = sourcecode.c.objc; path = OpenlabTests.m; sourceTree = "<group>"; };
		840FEE691CB622C90056C7BE /* Info.plist */ = {isa = PBXFileReference; lastKnownFileType = text.plist.xml; path = Info.plist; sourceTree = "<group>"; };
		840FEE6E1CB622C90056C7BE /* OpenlabUITests.xctest */ = {isa = PBXFileReference; explicitFileType = wrapper.cfbundle; includeInIndex = 0; path = OpenlabUITests.xctest; sourceTree = BUILT_PRODUCTS_DIR; };
		840FEE721CB622C90056C7BE /* OpenlabUITests.m */ = {isa = PBXFileReference; lastKnownFileType = sourcecode.c.objc; path = OpenlabUITests.m; sourceTree = "<group>"; };
		840FEE741CB622C90056C7BE /* Info.plist */ = {isa = PBXFileReference; lastKnownFileType = text.plist.xml; path = Info.plist; sourceTree = "<group>"; };
		840FEE811CB62AA60056C7BE /* WsqMD5Util.mm */ = {isa = PBXFileReference; fileEncoding = 4; lastKnownFileType = sourcecode.cpp.objcpp; path = WsqMD5Util.mm; sourceTree = "<group>"; };
		840FEE821CB62AA60056C7BE /* WsqMD5Util.h */ = {isa = PBXFileReference; fileEncoding = 4; lastKnownFileType = sourcecode.c.h; path = WsqMD5Util.h; sourceTree = "<group>"; };
		840FEE831CB62AA60056C7BE /* ElApiService.h */ = {isa = PBXFileReference; fileEncoding = 4; lastKnownFileType = sourcecode.c.h; path = ElApiService.h; sourceTree = "<group>"; };
		840FEE841CB62AA60056C7BE /* ElApiService.m */ = {isa = PBXFileReference; fileEncoding = 4; lastKnownFileType = sourcecode.c.objc; path = ElApiService.m; sourceTree = "<group>"; };
		840FEE851CB62AA60056C7BE /* GDataDefines.h */ = {isa = PBXFileReference; fileEncoding = 4; lastKnownFileType = sourcecode.c.h; path = GDataDefines.h; sourceTree = "<group>"; };
		840FEE861CB62AA60056C7BE /* GDataXMLNode.m */ = {isa = PBXFileReference; fileEncoding = 4; lastKnownFileType = sourcecode.c.objc; path = GDataXMLNode.m; sourceTree = "<group>"; };
		840FEE871CB62AA60056C7BE /* GDataXMLNode.h */ = {isa = PBXFileReference; fileEncoding = 4; lastKnownFileType = sourcecode.c.h; path = GDataXMLNode.h; sourceTree = "<group>"; };
		840FEE8C1CB62F130056C7BE /* MyObjectDataBean.h */ = {isa = PBXFileReference; fileEncoding = 4; lastKnownFileType = sourcecode.c.h; path = MyObjectDataBean.h; sourceTree = "<group>"; };
		840FEE8D1CB62F130056C7BE /* MyObjectDataBean.m */ = {isa = PBXFileReference; fileEncoding = 4; lastKnownFileType = sourcecode.c.objc; path = MyObjectDataBean.m; sourceTree = "<group>"; };
		8414DC8A1D99021E00CBC8CC /* FindPassViewController2.h */ = {isa = PBXFileReference; fileEncoding = 4; lastKnownFileType = sourcecode.c.h; path = FindPassViewController2.h; sourceTree = "<group>"; };
		8414DC8B1D99021E00CBC8CC /* FindPassViewController2.m */ = {isa = PBXFileReference; fileEncoding = 4; lastKnownFileType = sourcecode.c.objc; path = FindPassViewController2.m; sourceTree = "<group>"; };
		84283EEA1CD20ACF0039ED83 /* UIButton+Animation.h */ = {isa = PBXFileReference; fileEncoding = 4; lastKnownFileType = sourcecode.c.h; path = "UIButton+Animation.h"; sourceTree = "<group>"; };
		84283EEB1CD20ACF0039ED83 /* UIButton+Animation.m */ = {isa = PBXFileReference; fileEncoding = 4; lastKnownFileType = sourcecode.c.objc; path = "UIButton+Animation.m"; sourceTree = "<group>"; };
		843188541D825765000A2BF4 /* ico_make.png */ = {isa = PBXFileReference; lastKnownFileType = image.png; path = ico_make.png; sourceTree = "<group>"; };
		843188551D825765000A2BF4 /* JSDropDownMenu.h */ = {isa = PBXFileReference; fileEncoding = 4; lastKnownFileType = sourcecode.c.h; path = JSDropDownMenu.h; sourceTree = "<group>"; };
		843188561D825765000A2BF4 /* JSDropDownMenu.m */ = {isa = PBXFileReference; fileEncoding = 4; lastKnownFileType = sourcecode.c.objc; path = JSDropDownMenu.m; sourceTree = "<group>"; };
		8445D23A1D41B3C400C147D6 /* MyAssignmentUploadViewController.h */ = {isa = PBXFileReference; fileEncoding = 4; lastKnownFileType = sourcecode.c.h; path = MyAssignmentUploadViewController.h; sourceTree = "<group>"; };
		8445D23B1D41B3C400C147D6 /* MyAssignmentUploadViewController.m */ = {isa = PBXFileReference; fileEncoding = 4; lastKnownFileType = sourcecode.c.objc; path = MyAssignmentUploadViewController.m; sourceTree = "<group>"; };
		8445D23D1D41BEF600C147D6 /* UploadCollectionViewCell.h */ = {isa = PBXFileReference; fileEncoding = 4; lastKnownFileType = sourcecode.c.h; path = UploadCollectionViewCell.h; sourceTree = "<group>"; };
		8445D23E1D41BEF600C147D6 /* UploadCollectionViewCell.m */ = {isa = PBXFileReference; fileEncoding = 4; lastKnownFileType = sourcecode.c.objc; path = UploadCollectionViewCell.m; sourceTree = "<group>"; };
		8445D23F1D41BEF600C147D6 /* UploadCollectionViewCell.xib */ = {isa = PBXFileReference; fileEncoding = 4; lastKnownFileType = file.xib; path = UploadCollectionViewCell.xib; sourceTree = "<group>"; };
		8445D2441D41F9C000C147D6 /* ImageUtils.h */ = {isa = PBXFileReference; fileEncoding = 4; lastKnownFileType = sourcecode.c.h; path = ImageUtils.h; sourceTree = "<group>"; };
		8445D2451D41F9C000C147D6 /* ImageUtils.m */ = {isa = PBXFileReference; fileEncoding = 4; lastKnownFileType = sourcecode.c.objc; path = ImageUtils.m; sourceTree = "<group>"; };
		8449C54F1CD9F06B00893D9F /* ReservationTableViewCell.h */ = {isa = PBXFileReference; fileEncoding = 4; lastKnownFileType = sourcecode.c.h; path = ReservationTableViewCell.h; sourceTree = "<group>"; };
		8449C5501CD9F06C00893D9F /* ReservationTableViewCell.m */ = {isa = PBXFileReference; fileEncoding = 4; lastKnownFileType = sourcecode.c.objc; path = ReservationTableViewCell.m; sourceTree = "<group>"; };
		8449C5511CD9F06C00893D9F /* ReservationTableViewCell.xib */ = {isa = PBXFileReference; fileEncoding = 4; lastKnownFileType = file.xib; path = ReservationTableViewCell.xib; sourceTree = "<group>"; };
		8458AAF91D0FE2CE00CFD2A0 /* MyExpandTableView.h */ = {isa = PBXFileReference; fileEncoding = 4; lastKnownFileType = sourcecode.c.h; path = MyExpandTableView.h; sourceTree = "<group>"; };
		8458AAFA1D0FE2CE00CFD2A0 /* MyExpandTableView.m */ = {isa = PBXFileReference; fileEncoding = 4; lastKnownFileType = sourcecode.c.objc; path = MyExpandTableView.m; sourceTree = "<group>"; };
		84A42C021CDB199500710DBA /* TimeUtils.h */ = {isa = PBXFileReference; fileEncoding = 4; lastKnownFileType = sourcecode.c.h; path = TimeUtils.h; sourceTree = "<group>"; };
		84A42C031CDB199500710DBA /* TimeUtils.m */ = {isa = PBXFileReference; fileEncoding = 4; lastKnownFileType = sourcecode.c.objc; path = TimeUtils.m; sourceTree = "<group>"; };
		84A6E4821D67E184001AD233 /* InfoPlist.strings */ = {isa = PBXFileReference; fileEncoding = 4; lastKnownFileType = text.plist.strings; path = InfoPlist.strings; sourceTree = "<group>"; };
		84BE21111CD33CFD0014BF87 /* libz.tbd */ = {isa = PBXFileReference; lastKnownFileType = "sourcecode.text-based-dylib-definition"; name = libz.tbd; path = usr/lib/libz.tbd; sourceTree = SDKROOT; };
		84BE21131CD33D060014BF87 /* SystemConfiguration.framework */ = {isa = PBXFileReference; lastKnownFileType = wrapper.framework; name = SystemConfiguration.framework; path = System/Library/Frameworks/SystemConfiguration.framework; sourceTree = SDKROOT; };
		84BE21151CD33D0E0014BF87 /* MobileCoreServices.framework */ = {isa = PBXFileReference; lastKnownFileType = wrapper.framework; name = MobileCoreServices.framework; path = System/Library/Frameworks/MobileCoreServices.framework; sourceTree = SDKROOT; };
		84BE21171CD33D150014BF87 /* CFNetwork.framework */ = {isa = PBXFileReference; lastKnownFileType = wrapper.framework; name = CFNetwork.framework; path = System/Library/Frameworks/CFNetwork.framework; sourceTree = SDKROOT; };
		84BE21191CD33DBF0014BF87 /* CoreTelephony.framework */ = {isa = PBXFileReference; lastKnownFileType = wrapper.framework; name = CoreTelephony.framework; path = System/Library/Frameworks/CoreTelephony.framework; sourceTree = SDKROOT; };
		84C4DFDF1D1A58930043F012 /* AssignmentTableViewCell.h */ = {isa = PBXFileReference; fileEncoding = 4; lastKnownFileType = sourcecode.c.h; path = AssignmentTableViewCell.h; sourceTree = "<group>"; };
		84C4DFE01D1A58930043F012 /* AssignmentTableViewCell.m */ = {isa = PBXFileReference; fileEncoding = 4; lastKnownFileType = sourcecode.c.objc; path = AssignmentTableViewCell.m; sourceTree = "<group>"; };
		84C4DFE11D1A58930043F012 /* AssignmentTableViewCell.xib */ = {isa = PBXFileReference; fileEncoding = 4; lastKnownFileType = file.xib; path = AssignmentTableViewCell.xib; sourceTree = "<group>"; };
		84C519B81CC5DE73004450FA /* Constants.h */ = {isa = PBXFileReference; lastKnownFileType = sourcecode.c.h; path = Constants.h; sourceTree = "<group>"; };
		84C519B91CC5FDFA004450FA /* MyStringUtils.h */ = {isa = PBXFileReference; fileEncoding = 4; lastKnownFileType = sourcecode.c.h; path = MyStringUtils.h; sourceTree = "<group>"; };
		84C519BA1CC5FDFA004450FA /* MyStringUtils.m */ = {isa = PBXFileReference; fileEncoding = 4; lastKnownFileType = sourcecode.c.objc; path = MyStringUtils.m; sourceTree = "<group>"; };
		84C519D01CC61E82004450FA /* errorCodePlist.plist */ = {isa = PBXFileReference; fileEncoding = 4; lastKnownFileType = text.plist.xml; path = errorCodePlist.plist; sourceTree = "<group>"; };
		84C519D51CC716F2004450FA /* MyReservationController.h */ = {isa = PBXFileReference; fileEncoding = 4; lastKnownFileType = sourcecode.c.h; path = MyReservationController.h; sourceTree = "<group>"; };
		84C519D61CC716F2004450FA /* MyReservationController.m */ = {isa = PBXFileReference; fileEncoding = 4; lastKnownFileType = sourcecode.c.objc; path = MyReservationController.m; sourceTree = "<group>"; };
		84C519D81CC71820004450FA /* MainViewController.h */ = {isa = PBXFileReference; fileEncoding = 4; lastKnownFileType = sourcecode.c.h; path = MainViewController.h; sourceTree = "<group>"; };
		84C519D91CC71820004450FA /* MainViewController.m */ = {isa = PBXFileReference; fileEncoding = 4; lastKnownFileType = sourcecode.c.objc; path = MainViewController.m; sourceTree = "<group>"; };
		84C519DB1CC718B8004450FA /* MyAssignmentController.h */ = {isa = PBXFileReference; fileEncoding = 4; lastKnownFileType = sourcecode.c.h; path = MyAssignmentController.h; sourceTree = "<group>"; };
		84C519DC1CC718B9004450FA /* MyAssignmentController.m */ = {isa = PBXFileReference; fileEncoding = 4; lastKnownFileType = sourcecode.c.objc; path = MyAssignmentController.m; sourceTree = "<group>"; };
		84C519DE1CC71909004450FA /* MySettingController.h */ = {isa = PBXFileReference; fileEncoding = 4; lastKnownFileType = sourcecode.c.h; path = MySettingController.h; sourceTree = "<group>"; };
		84C519DF1CC71909004450FA /* MySettingController.m */ = {isa = PBXFileReference; fileEncoding = 4; lastKnownFileType = sourcecode.c.objc; path = MySettingController.m; sourceTree = "<group>"; };
		84C519E11CC71A6F004450FA /* MyTabbarController.h */ = {isa = PBXFileReference; fileEncoding = 4; lastKnownFileType = sourcecode.c.h; path = MyTabbarController.h; sourceTree = "<group>"; };
		84C519E21CC71A6F004450FA /* MyTabbarController.m */ = {isa = PBXFileReference; fileEncoding = 4; lastKnownFileType = sourcecode.c.objc; path = MyTabbarController.m; sourceTree = "<group>"; };
		84C519E41CC73307004450FA /* MyRadioGroupView.h */ = {isa = PBXFileReference; fileEncoding = 4; lastKnownFileType = sourcecode.c.h; path = MyRadioGroupView.h; sourceTree = "<group>"; };
		84C519E51CC73307004450FA /* MyRadioGroupView.m */ = {isa = PBXFileReference; fileEncoding = 4; lastKnownFileType = sourcecode.c.objc; path = MyRadioGroupView.m; sourceTree = "<group>"; };
		84C519E91CC777EE004450FA /* DateHelper.h */ = {isa = PBXFileReference; fileEncoding = 4; lastKnownFileType = sourcecode.c.h; path = DateHelper.h; sourceTree = "<group>"; };
		84C519EA1CC777EE004450FA /* DateHelper.m */ = {isa = PBXFileReference; fileEncoding = 4; lastKnownFileType = sourcecode.c.objc; path = DateHelper.m; sourceTree = "<group>"; };
		84C519EB1CC777EE004450FA /* KMDatePicker.h */ = {isa = PBXFileReference; fileEncoding = 4; lastKnownFileType = sourcecode.c.h; path = KMDatePicker.h; sourceTree = "<group>"; };
		84C519EC1CC777EE004450FA /* KMDatePicker.m */ = {isa = PBXFileReference; fileEncoding = 4; lastKnownFileType = sourcecode.c.objc; path = KMDatePicker.m; sourceTree = "<group>"; };
		84C519ED1CC777EE004450FA /* KMDatePickerDateModel.h */ = {isa = PBXFileReference; fileEncoding = 4; lastKnownFileType = sourcecode.c.h; path = KMDatePickerDateModel.h; sourceTree = "<group>"; };
		84C519EE1CC777EE004450FA /* KMDatePickerDateModel.m */ = {isa = PBXFileReference; fileEncoding = 4; lastKnownFileType = sourcecode.c.objc; path = KMDatePickerDateModel.m; sourceTree = "<group>"; };
		84C519EF1CC777EE004450FA /* NSDate+CalculateDay.h */ = {isa = PBXFileReference; fileEncoding = 4; lastKnownFileType = sourcecode.c.h; path = "NSDate+CalculateDay.h"; sourceTree = "<group>"; };
		84C519F01CC777EE004450FA /* NSDate+CalculateDay.m */ = {isa = PBXFileReference; fileEncoding = 4; lastKnownFileType = sourcecode.c.objc; path = "NSDate+CalculateDay.m"; sourceTree = "<group>"; };
		84C51A051CC8CB1D004450FA /* jpush-ios-2.1.6.a */ = {isa = PBXFileReference; lastKnownFileType = archive.ar; name = "jpush-ios-2.1.6.a"; path = "Openlab/jpush-ios-2.1.6.a"; sourceTree = "<group>"; };
		84C51A061CC8CB1D004450FA /* JPUSHService.h */ = {isa = PBXFileReference; fileEncoding = 4; lastKnownFileType = sourcecode.c.h; path = JPUSHService.h; sourceTree = "<group>"; };
		84D7CCF51D6D2EA50084A1AB /* ImagePreviewController.h */ = {isa = PBXFileReference; fileEncoding = 4; lastKnownFileType = sourcecode.c.h; path = ImagePreviewController.h; sourceTree = "<group>"; };
		84D7CCF61D6D2EA50084A1AB /* ImagePreviewController.m */ = {isa = PBXFileReference; fileEncoding = 4; lastKnownFileType = sourcecode.c.objc; path = ImagePreviewController.m; sourceTree = "<group>"; };
		84EA42581CC0D4FE00DFCBDA /* RegisterViewController.h */ = {isa = PBXFileReference; fileEncoding = 4; lastKnownFileType = sourcecode.c.h; path = RegisterViewController.h; sourceTree = "<group>"; };
		84EA42591CC0D4FE00DFCBDA /* RegisterViewController.m */ = {isa = PBXFileReference; fileEncoding = 4; lastKnownFileType = sourcecode.c.objc; path = RegisterViewController.m; sourceTree = "<group>"; };
		84EA425B1CC0E6BA00DFCBDA /* UIButton+BackgroundColor.h */ = {isa = PBXFileReference; fileEncoding = 4; lastKnownFileType = sourcecode.c.h; path = "UIButton+BackgroundColor.h"; sourceTree = "<group>"; };
		84EA425C1CC0E6BA00DFCBDA /* UIButton+BackgroundColor.m */ = {isa = PBXFileReference; fileEncoding = 4; lastKnownFileType = sourcecode.c.objc; path = "UIButton+BackgroundColor.m"; sourceTree = "<group>"; };
		84EA6A751D8FC10D0075433D /* FindPassViewController.h */ = {isa = PBXFileReference; fileEncoding = 4; lastKnownFileType = sourcecode.c.h; path = FindPassViewController.h; sourceTree = "<group>"; };
		84EA6A761D8FC10D0075433D /* FindPassViewController.m */ = {isa = PBXFileReference; fileEncoding = 4; lastKnownFileType = sourcecode.c.objc; path = FindPassViewController.m; sourceTree = "<group>"; };
/* End PBXFileReference section */

/* Begin PBXFrameworksBuildPhase section */
		840FEE471CB622C60056C7BE /* Frameworks */ = {
			isa = PBXFrameworksBuildPhase;
			buildActionMask = 2147483647;
			files = (
				84BE211A1CD33DBF0014BF87 /* CoreTelephony.framework in Frameworks */,
				84BE21181CD33D150014BF87 /* CFNetwork.framework in Frameworks */,
				84BE21161CD33D0E0014BF87 /* MobileCoreServices.framework in Frameworks */,
				84BE21141CD33D060014BF87 /* SystemConfiguration.framework in Frameworks */,
				84BE21121CD33CFD0014BF87 /* libz.tbd in Frameworks */,
				1D97692DC845BC6DD61BE570 /* libPods.a in Frameworks */,
				84BE21101CD337F10014BF87 /* jpush-ios-2.1.6.a in Frameworks */,
			);
			runOnlyForDeploymentPostprocessing = 0;
		};
		840FEE601CB622C90056C7BE /* Frameworks */ = {
			isa = PBXFrameworksBuildPhase;
			buildActionMask = 2147483647;
			files = (
			);
			runOnlyForDeploymentPostprocessing = 0;
		};
		840FEE6B1CB622C90056C7BE /* Frameworks */ = {
			isa = PBXFrameworksBuildPhase;
			buildActionMask = 2147483647;
			files = (
			);
			runOnlyForDeploymentPostprocessing = 0;
		};
/* End PBXFrameworksBuildPhase section */

/* Begin PBXGroup section */
		0603348D48258975575E3898 /* Pods */ = {
			isa = PBXGroup;
			children = (
				25F9FEEDBCEE3555D48FCC8A /* Pods.debug.xcconfig */,
				71DEF7374D70CBA788026FD2 /* Pods.release.xcconfig */,
			);
			name = Pods;
			sourceTree = "<group>";
		};
		840FEE411CB622C60056C7BE = {
			isa = PBXGroup;
			children = (
				84C51A051CC8CB1D004450FA /* jpush-ios-2.1.6.a */,
				840FEE4C1CB622C70056C7BE /* Openlab */,
				840FEE661CB622C90056C7BE /* OpenlabTests */,
				840FEE711CB622C90056C7BE /* OpenlabUITests */,
				840FEE4B1CB622C60056C7BE /* Products */,
				0603348D48258975575E3898 /* Pods */,
				9ECB36B1BBDF052D995C6F7F /* Frameworks */,
			);
			sourceTree = "<group>";
		};
		840FEE4B1CB622C60056C7BE /* Products */ = {
			isa = PBXGroup;
			children = (
				840FEE4A1CB622C60056C7BE /* Openlab.app */,
				840FEE631CB622C90056C7BE /* OpenlabTests.xctest */,
				840FEE6E1CB622C90056C7BE /* OpenlabUITests.xctest */,
			);
			name = Products;
			sourceTree = "<group>";
		};
		840FEE4C1CB622C70056C7BE /* Openlab */ = {
			isa = PBXGroup;
			children = (
				18D508F21DDD7EDE006BF03D /* Openlab.entitlements */,
				84C51A041CC8CAE1004450FA /* jpush */,
				84C519E71CC7331C004450FA /* customview */,
				84C519B71CC5DE3A004450FA /* common */,
				84EA42561CC0C43900DFCBDA /* viewcontroller */,
				840FEE801CB6280F0056C7BE /* service */,
				840FEE501CB622C80056C7BE /* AppDelegate.h */,
				840FEE511CB622C80056C7BE /* AppDelegate.m */,
				840FEE561CB622C80056C7BE /* Main.storyboard */,
				840FEE591CB622C90056C7BE /* Assets.xcassets */,
				84C519D01CC61E82004450FA /* errorCodePlist.plist */,
				840FEE5E1CB622C90056C7BE /* Info.plist */,
				840FEE4D1CB622C70056C7BE /* Supporting Files */,
			);
			path = Openlab;
			sourceTree = "<group>";
		};
		840FEE4D1CB622C70056C7BE /* Supporting Files */ = {
			isa = PBXGroup;
			children = (
				840FEE4E1CB622C70056C7BE /* main.m */,
				84A6E4821D67E184001AD233 /* InfoPlist.strings */,
			);
			name = "Supporting Files";
			sourceTree = "<group>";
		};
		840FEE661CB622C90056C7BE /* OpenlabTests */ = {
			isa = PBXGroup;
			children = (
				840FEE671CB622C90056C7BE /* OpenlabTests.m */,
				840FEE691CB622C90056C7BE /* Info.plist */,
			);
			path = OpenlabTests;
			sourceTree = "<group>";
		};
		840FEE711CB622C90056C7BE /* OpenlabUITests */ = {
			isa = PBXGroup;
			children = (
				840FEE721CB622C90056C7BE /* OpenlabUITests.m */,
				840FEE741CB622C90056C7BE /* Info.plist */,
			);
			path = OpenlabUITests;
			sourceTree = "<group>";
		};
		840FEE801CB6280F0056C7BE /* service */ = {
			isa = PBXGroup;
			children = (
				840FEE8B1CB62EC10056C7BE /* bean */,
				840FEE811CB62AA60056C7BE /* WsqMD5Util.mm */,
				840FEE821CB62AA60056C7BE /* WsqMD5Util.h */,
				840FEE831CB62AA60056C7BE /* ElApiService.h */,
				840FEE841CB62AA60056C7BE /* ElApiService.m */,
				840FEE851CB62AA60056C7BE /* GDataDefines.h */,
				840FEE861CB62AA60056C7BE /* GDataXMLNode.m */,
				840FEE871CB62AA60056C7BE /* GDataXMLNode.h */,
			);
			name = service;
			sourceTree = "<group>";
		};
		840FEE8B1CB62EC10056C7BE /* bean */ = {
			isa = PBXGroup;
			children = (
				840FEE8C1CB62F130056C7BE /* MyObjectDataBean.h */,
				840FEE8D1CB62F130056C7BE /* MyObjectDataBean.m */,
			);
			name = bean;
			sourceTree = "<group>";
		};
		843188531D82574E000A2BF4 /* downmenu */ = {
			isa = PBXGroup;
			children = (
				843188541D825765000A2BF4 /* ico_make.png */,
				843188551D825765000A2BF4 /* JSDropDownMenu.h */,
				843188561D825765000A2BF4 /* JSDropDownMenu.m */,
			);
			name = downmenu;
			sourceTree = "<group>";
		};
		84C519B71CC5DE3A004450FA /* common */ = {
			isa = PBXGroup;
			children = (
				8445D2441D41F9C000C147D6 /* ImageUtils.h */,
				8445D2451D41F9C000C147D6 /* ImageUtils.m */,
				84A42C021CDB199500710DBA /* TimeUtils.h */,
				84A42C031CDB199500710DBA /* TimeUtils.m */,
				84C519B81CC5DE73004450FA /* Constants.h */,
				84C519B91CC5FDFA004450FA /* MyStringUtils.h */,
				84C519BA1CC5FDFA004450FA /* MyStringUtils.m */,
			);
			name = common;
			sourceTree = "<group>";
		};
		84C519BC1CC605D8004450FA /* main */ = {
			isa = PBXGroup;
			children = (
				84C519D51CC716F2004450FA /* MyReservationController.h */,
				84C519D61CC716F2004450FA /* MyReservationController.m */,
				84C519D81CC71820004450FA /* MainViewController.h */,
				84C519D91CC71820004450FA /* MainViewController.m */,
				84C519DB1CC718B8004450FA /* MyAssignmentController.h */,
				84C519DC1CC718B9004450FA /* MyAssignmentController.m */,
				84C519DE1CC71909004450FA /* MySettingController.h */,
				84C519DF1CC71909004450FA /* MySettingController.m */,
				84C519E11CC71A6F004450FA /* MyTabbarController.h */,
				84C519E21CC71A6F004450FA /* MyTabbarController.m */,
				8445D23A1D41B3C400C147D6 /* MyAssignmentUploadViewController.h */,
				8445D23B1D41B3C400C147D6 /* MyAssignmentUploadViewController.m */,
				84090CFA1DBDAD8B00C277FC /* ScoreViewController.h */,
				84090CFB1DBDAD8B00C277FC /* ScoreViewController.m */,
				84090D021DBEF44700C277FC /* AboutViewController.h */,
				84090D031DBEF44700C277FC /* AboutViewController.m */,
			);
			name = main;
			sourceTree = "<group>";
		};
		84C519E71CC7331C004450FA /* customview */ = {
			isa = PBXGroup;
			children = (
				843188531D82574E000A2BF4 /* downmenu */,
				84C519E81CC777C3004450FA /* datepicker */,
				84C519E41CC73307004450FA /* MyRadioGroupView.h */,
				84C519E51CC73307004450FA /* MyRadioGroupView.m */,
				84283EEA1CD20ACF0039ED83 /* UIButton+Animation.h */,
				84283EEB1CD20ACF0039ED83 /* UIButton+Animation.m */,
				8458AAF91D0FE2CE00CFD2A0 /* MyExpandTableView.h */,
				8458AAFA1D0FE2CE00CFD2A0 /* MyExpandTableView.m */,
				84C4DFDF1D1A58930043F012 /* AssignmentTableViewCell.h */,
				84C4DFE01D1A58930043F012 /* AssignmentTableViewCell.m */,
				84C4DFE11D1A58930043F012 /* AssignmentTableViewCell.xib */,
				8445D23D1D41BEF600C147D6 /* UploadCollectionViewCell.h */,
				8445D23E1D41BEF600C147D6 /* UploadCollectionViewCell.m */,
				8445D23F1D41BEF600C147D6 /* UploadCollectionViewCell.xib */,
				84090CFD1DBDD4ED00C277FC /* ScoreTableViewCell.h */,
				84090CFE1DBDD4ED00C277FC /* ScoreTableViewCell.m */,
				84090CFF1DBDD4ED00C277FC /* ScoreTableViewCell.xib */,
			);
			name = customview;
			sourceTree = "<group>";
		};
		84C519E81CC777C3004450FA /* datepicker */ = {
			isa = PBXGroup;
			children = (
				84C519E91CC777EE004450FA /* DateHelper.h */,
				84C519EA1CC777EE004450FA /* DateHelper.m */,
				84C519EB1CC777EE004450FA /* KMDatePicker.h */,
				84C519EC1CC777EE004450FA /* KMDatePicker.m */,
				84C519ED1CC777EE004450FA /* KMDatePickerDateModel.h */,
				84C519EE1CC777EE004450FA /* KMDatePickerDateModel.m */,
				84C519EF1CC777EE004450FA /* NSDate+CalculateDay.h */,
				84C519F01CC777EE004450FA /* NSDate+CalculateDay.m */,
			);
			name = datepicker;
			sourceTree = "<group>";
		};
		84C51A041CC8CAE1004450FA /* jpush */ = {
			isa = PBXGroup;
			children = (
				84C51A061CC8CB1D004450FA /* JPUSHService.h */,
			);
			name = jpush;
			sourceTree = "<group>";
		};
		84EA42561CC0C43900DFCBDA /* viewcontroller */ = {
			isa = PBXGroup;
			children = (
				84C519BC1CC605D8004450FA /* main */,
				84EA42571CC0C45100DFCBDA /* user */,
				8449C54F1CD9F06B00893D9F /* ReservationTableViewCell.h */,
				8449C5501CD9F06C00893D9F /* ReservationTableViewCell.m */,
				8449C5511CD9F06C00893D9F /* ReservationTableViewCell.xib */,
				84D7CCF51D6D2EA50084A1AB /* ImagePreviewController.h */,
				84D7CCF61D6D2EA50084A1AB /* ImagePreviewController.m */,
			);
			name = viewcontroller;
			sourceTree = "<group>";
		};
		84EA42571CC0C45100DFCBDA /* user */ = {
			isa = PBXGroup;
			children = (
				840FEE531CB622C80056C7BE /* LoginViewController.h */,
				840FEE541CB622C80056C7BE /* LoginViewController.m */,
				84EA42581CC0D4FE00DFCBDA /* RegisterViewController.h */,
				84EA42591CC0D4FE00DFCBDA /* RegisterViewController.m */,
				84EA425B1CC0E6BA00DFCBDA /* UIButton+BackgroundColor.h */,
				84EA425C1CC0E6BA00DFCBDA /* UIButton+BackgroundColor.m */,
				84EA6A751D8FC10D0075433D /* FindPassViewController.h */,
				84EA6A761D8FC10D0075433D /* FindPassViewController.m */,
				8414DC8A1D99021E00CBC8CC /* FindPassViewController2.h */,
				8414DC8B1D99021E00CBC8CC /* FindPassViewController2.m */,
			);
			name = user;
			sourceTree = "<group>";
		};
		9ECB36B1BBDF052D995C6F7F /* Frameworks */ = {
			isa = PBXGroup;
			children = (
				84BE21191CD33DBF0014BF87 /* CoreTelephony.framework */,
				84BE21171CD33D150014BF87 /* CFNetwork.framework */,
				84BE21151CD33D0E0014BF87 /* MobileCoreServices.framework */,
				84BE21131CD33D060014BF87 /* SystemConfiguration.framework */,
				84BE21111CD33CFD0014BF87 /* libz.tbd */,
				64890B0F658280B134C97C1D /* libPods.a */,
			);
			name = Frameworks;
			sourceTree = "<group>";
		};
/* End PBXGroup section */

/* Begin PBXNativeTarget section */
		840FEE491CB622C60056C7BE /* Openlab */ = {
			isa = PBXNativeTarget;
			buildConfigurationList = 840FEE771CB622C90056C7BE /* Build configuration list for PBXNativeTarget "Openlab" */;
			buildPhases = (
				27FBFF9C99D907E7C1569469 /* Check Pods Manifest.lock */,
				840FEE461CB622C60056C7BE /* Sources */,
				840FEE471CB622C60056C7BE /* Frameworks */,
				840FEE481CB622C60056C7BE /* Resources */,
				5DD036343BF98580B638BEFE /* Embed Pods Frameworks */,
				EB92D04414CAE2FDAFDCE674 /* Copy Pods Resources */,
			);
			buildRules = (
			);
			dependencies = (
			);
			name = Openlab;
			productName = Openlab;
			productReference = 840FEE4A1CB622C60056C7BE /* Openlab.app */;
			productType = "com.apple.product-type.application";
		};
		840FEE621CB622C90056C7BE /* OpenlabTests */ = {
			isa = PBXNativeTarget;
			buildConfigurationList = 840FEE7A1CB622C90056C7BE /* Build configuration list for PBXNativeTarget "OpenlabTests" */;
			buildPhases = (
				840FEE5F1CB622C90056C7BE /* Sources */,
				840FEE601CB622C90056C7BE /* Frameworks */,
				840FEE611CB622C90056C7BE /* Resources */,
			);
			buildRules = (
			);
			dependencies = (
				840FEE651CB622C90056C7BE /* PBXTargetDependency */,
			);
			name = OpenlabTests;
			productName = OpenlabTests;
			productReference = 840FEE631CB622C90056C7BE /* OpenlabTests.xctest */;
			productType = "com.apple.product-type.bundle.unit-test";
		};
		840FEE6D1CB622C90056C7BE /* OpenlabUITests */ = {
			isa = PBXNativeTarget;
			buildConfigurationList = 840FEE7D1CB622C90056C7BE /* Build configuration list for PBXNativeTarget "OpenlabUITests" */;
			buildPhases = (
				840FEE6A1CB622C90056C7BE /* Sources */,
				840FEE6B1CB622C90056C7BE /* Frameworks */,
				840FEE6C1CB622C90056C7BE /* Resources */,
			);
			buildRules = (
			);
			dependencies = (
				840FEE701CB622C90056C7BE /* PBXTargetDependency */,
			);
			name = OpenlabUITests;
			productName = OpenlabUITests;
			productReference = 840FEE6E1CB622C90056C7BE /* OpenlabUITests.xctest */;
			productType = "com.apple.product-type.bundle.ui-testing";
		};
/* End PBXNativeTarget section */

/* Begin PBXProject section */
		840FEE421CB622C60056C7BE /* Project object */ = {
			isa = PBXProject;
			attributes = {
				LastUpgradeCheck = 0720;
				ORGANIZATIONNAME = "cn.lztech  合肥联正电子科技有限公司";
				TargetAttributes = {
					840FEE491CB622C60056C7BE = {
						CreatedOnToolsVersion = 7.2.1;
						DevelopmentTeam = HLQ3A9KFRW;
						SystemCapabilities = {
							com.apple.BackgroundModes = {
								enabled = 1;
							};
							com.apple.Push = {
								enabled = 1;
							};
						};
					};
					840FEE621CB622C90056C7BE = {
						CreatedOnToolsVersion = 7.2.1;
						TestTargetID = 840FEE491CB622C60056C7BE;
					};
					840FEE6D1CB622C90056C7BE = {
						CreatedOnToolsVersion = 7.2.1;
						TestTargetID = 840FEE491CB622C60056C7BE;
					};
				};
			};
			buildConfigurationList = 840FEE451CB622C60056C7BE /* Build configuration list for PBXProject "Openlab" */;
			compatibilityVersion = "Xcode 3.2";
			developmentRegion = English;
			hasScannedForEncodings = 0;
			knownRegions = (
				en,
				Base,
			);
			mainGroup = 840FEE411CB622C60056C7BE;
			productRefGroup = 840FEE4B1CB622C60056C7BE /* Products */;
			projectDirPath = "";
			projectRoot = "";
			targets = (
				840FEE491CB622C60056C7BE /* Openlab */,
				840FEE621CB622C90056C7BE /* OpenlabTests */,
				840FEE6D1CB622C90056C7BE /* OpenlabUITests */,
			);
		};
/* End PBXProject section */

/* Begin PBXResourcesBuildPhase section */
		840FEE481CB622C60056C7BE /* Resources */ = {
			isa = PBXResourcesBuildPhase;
			buildActionMask = 2147483647;
			files = (
				84090D011DBDD4ED00C277FC /* ScoreTableViewCell.xib in Resources */,
				8445D2411D41BEF600C147D6 /* UploadCollectionViewCell.xib in Resources */,
				840FEE5A1CB622C90056C7BE /* Assets.xcassets in Resources */,
				840FEE581CB622C80056C7BE /* Main.storyboard in Resources */,
				8449C5531CD9F06C00893D9F /* ReservationTableViewCell.xib in Resources */,
				84C4DFE31D1A58930043F012 /* AssignmentTableViewCell.xib in Resources */,
				84A6E4831D67E184001AD233 /* InfoPlist.strings in Resources */,
				84C519D11CC61E83004450FA /* errorCodePlist.plist in Resources */,
				843188571D825765000A2BF4 /* ico_make.png in Resources */,
			);
			runOnlyForDeploymentPostprocessing = 0;
		};
		840FEE611CB622C90056C7BE /* Resources */ = {
			isa = PBXResourcesBuildPhase;
			buildActionMask = 2147483647;
			files = (
			);
			runOnlyForDeploymentPostprocessing = 0;
		};
		840FEE6C1CB622C90056C7BE /* Resources */ = {
			isa = PBXResourcesBuildPhase;
			buildActionMask = 2147483647;
			files = (
			);
			runOnlyForDeploymentPostprocessing = 0;
		};
/* End PBXResourcesBuildPhase section */

/* Begin PBXShellScriptBuildPhase section */
		27FBFF9C99D907E7C1569469 /* Check Pods Manifest.lock */ = {
			isa = PBXShellScriptBuildPhase;
			buildActionMask = 2147483647;
			files = (
			);
			inputPaths = (
			);
			name = "Check Pods Manifest.lock";
			outputPaths = (
			);
			runOnlyForDeploymentPostprocessing = 0;
			shellPath = /bin/sh;
			shellScript = "diff \"${PODS_ROOT}/../Podfile.lock\" \"${PODS_ROOT}/Manifest.lock\" > /dev/null\nif [[ $? != 0 ]] ; then\n    cat << EOM\nerror: The sandbox is not in sync with the Podfile.lock. Run 'pod install' or update your CocoaPods installation.\nEOM\n    exit 1\nfi\n";
			showEnvVarsInLog = 0;
		};
		5DD036343BF98580B638BEFE /* Embed Pods Frameworks */ = {
			isa = PBXShellScriptBuildPhase;
			buildActionMask = 2147483647;
			files = (
			);
			inputPaths = (
			);
			name = "Embed Pods Frameworks";
			outputPaths = (
			);
			runOnlyForDeploymentPostprocessing = 0;
			shellPath = /bin/sh;
			shellScript = "\"${SRCROOT}/Pods/Target Support Files/Pods/Pods-frameworks.sh\"\n";
			showEnvVarsInLog = 0;
		};
		EB92D04414CAE2FDAFDCE674 /* Copy Pods Resources */ = {
			isa = PBXShellScriptBuildPhase;
			buildActionMask = 2147483647;
			files = (
			);
			inputPaths = (
			);
			name = "Copy Pods Resources";
			outputPaths = (
			);
			runOnlyForDeploymentPostprocessing = 0;
			shellPath = /bin/sh;
			shellScript = "\"${SRCROOT}/Pods/Target Support Files/Pods/Pods-resources.sh\"\n";
			showEnvVarsInLog = 0;
		};
/* End PBXShellScriptBuildPhase section */

/* Begin PBXSourcesBuildPhase section */
		840FEE461CB622C60056C7BE /* Sources */ = {
			isa = PBXSourcesBuildPhase;
			buildActionMask = 2147483647;
			files = (
				84090CFC1DBDAD8B00C277FC /* ScoreViewController.m in Sources */,
				84C519E01CC71909004450FA /* MySettingController.m in Sources */,
				84283EEC1CD20ACF0039ED83 /* UIButton+Animation.m in Sources */,
				840FEE8E1CB62F130056C7BE /* MyObjectDataBean.m in Sources */,
				84C519D71CC716F2004450FA /* MyReservationController.m in Sources */,
				84C519BB1CC5FDFB004450FA /* MyStringUtils.m in Sources */,
				84A42C041CDB199600710DBA /* TimeUtils.m in Sources */,
				84D7CCF81D6D2EA50084A1AB /* ImagePreviewController.m in Sources */,
				840FEE881CB62AA60056C7BE /* WsqMD5Util.mm in Sources */,
				8458AAFB1D0FE2CE00CFD2A0 /* MyExpandTableView.m in Sources */,
				84EA6A771D8FC10E0075433D /* FindPassViewController.m in Sources */,
				8445D23C1D41B3C400C147D6 /* MyAssignmentUploadViewController.m in Sources */,
				840FEE891CB62AA60056C7BE /* ElApiService.m in Sources */,
				84C519F11CC777EF004450FA /* DateHelper.m in Sources */,
				840FEE551CB622C80056C7BE /* LoginViewController.m in Sources */,
				84EA425D1CC0E6BA00DFCBDA /* UIButton+BackgroundColor.m in Sources */,
				84C519DA1CC71820004450FA /* MainViewController.m in Sources */,
				84C519F31CC777EF004450FA /* KMDatePickerDateModel.m in Sources */,
				840FEE521CB622C80056C7BE /* AppDelegate.m in Sources */,
				84C519E61CC73307004450FA /* MyRadioGroupView.m in Sources */,
				84C4DFE21D1A58930043F012 /* AssignmentTableViewCell.m in Sources */,
				8449C5521CD9F06C00893D9F /* ReservationTableViewCell.m in Sources */,
				8445D2401D41BEF600C147D6 /* UploadCollectionViewCell.m in Sources */,
				84C519DD1CC718B9004450FA /* MyAssignmentController.m in Sources */,
				84C519E31CC71A6F004450FA /* MyTabbarController.m in Sources */,
				840FEE4F1CB622C70056C7BE /* main.m in Sources */,
				840FEE8A1CB62AA60056C7BE /* GDataXMLNode.m in Sources */,
				84EA425A1CC0D4FE00DFCBDA /* RegisterViewController.m in Sources */,
				84C519F41CC777EF004450FA /* NSDate+CalculateDay.m in Sources */,
				84C519F21CC777EF004450FA /* KMDatePicker.m in Sources */,
				84090D001DBDD4ED00C277FC /* ScoreTableViewCell.m in Sources */,
				84090D041DBEF44700C277FC /* AboutViewController.m in Sources */,
				8414DC8C1D99021E00CBC8CC /* FindPassViewController2.m in Sources */,
				843188581D825765000A2BF4 /* JSDropDownMenu.m in Sources */,
				8445D2461D41F9C000C147D6 /* ImageUtils.m in Sources */,
			);
			runOnlyForDeploymentPostprocessing = 0;
		};
		840FEE5F1CB622C90056C7BE /* Sources */ = {
			isa = PBXSourcesBuildPhase;
			buildActionMask = 2147483647;
			files = (
				840FEE681CB622C90056C7BE /* OpenlabTests.m in Sources */,
			);
			runOnlyForDeploymentPostprocessing = 0;
		};
		840FEE6A1CB622C90056C7BE /* Sources */ = {
			isa = PBXSourcesBuildPhase;
			buildActionMask = 2147483647;
			files = (
				840FEE731CB622C90056C7BE /* OpenlabUITests.m in Sources */,
			);
			runOnlyForDeploymentPostprocessing = 0;
		};
/* End PBXSourcesBuildPhase section */

/* Begin PBXTargetDependency section */
		840FEE651CB622C90056C7BE /* PBXTargetDependency */ = {
			isa = PBXTargetDependency;
			target = 840FEE491CB622C60056C7BE /* Openlab */;
			targetProxy = 840FEE641CB622C90056C7BE /* PBXContainerItemProxy */;
		};
		840FEE701CB622C90056C7BE /* PBXTargetDependency */ = {
			isa = PBXTargetDependency;
			target = 840FEE491CB622C60056C7BE /* Openlab */;
			targetProxy = 840FEE6F1CB622C90056C7BE /* PBXContainerItemProxy */;
		};
/* End PBXTargetDependency section */

/* Begin PBXVariantGroup section */
		840FEE561CB622C80056C7BE /* Main.storyboard */ = {
			isa = PBXVariantGroup;
			children = (
				840FEE571CB622C80056C7BE /* Base */,
			);
			name = Main.storyboard;
			sourceTree = "<group>";
		};
/* End PBXVariantGroup section */

/* Begin XCBuildConfiguration section */
		840FEE751CB622C90056C7BE /* Debug */ = {
			isa = XCBuildConfiguration;
			buildSettings = {
				ALWAYS_SEARCH_USER_PATHS = NO;
				CLANG_CXX_LANGUAGE_STANDARD = "gnu++0x";
				CLANG_CXX_LIBRARY = "libc++";
				CLANG_ENABLE_MODULES = YES;
				CLANG_ENABLE_OBJC_ARC = YES;
				CLANG_WARN_BOOL_CONVERSION = YES;
				CLANG_WARN_CONSTANT_CONVERSION = YES;
				CLANG_WARN_DIRECT_OBJC_ISA_USAGE = YES_ERROR;
				CLANG_WARN_EMPTY_BODY = YES;
				CLANG_WARN_ENUM_CONVERSION = YES;
				CLANG_WARN_INT_CONVERSION = YES;
				CLANG_WARN_OBJC_ROOT_CLASS = YES_ERROR;
				CLANG_WARN_UNREACHABLE_CODE = YES;
				CLANG_WARN__DUPLICATE_METHOD_MATCH = YES;
				"CODE_SIGN_IDENTITY[sdk=iphoneos*]" = "iPhone Developer";
				COPY_PHASE_STRIP = NO;
				CURRENT_PROJECT_VERSION = 126;
				DEBUG_INFORMATION_FORMAT = dwarf;
				ENABLE_STRICT_OBJC_MSGSEND = YES;
				ENABLE_TESTABILITY = YES;
				GCC_C_LANGUAGE_STANDARD = gnu99;
				GCC_DYNAMIC_NO_PIC = NO;
				GCC_NO_COMMON_BLOCKS = YES;
				GCC_OPTIMIZATION_LEVEL = 0;
				GCC_PREPROCESSOR_DEFINITIONS = (
					"DEBUG=1",
					"$(inherited)",
				);
				GCC_WARN_64_TO_32_BIT_CONVERSION = YES;
				GCC_WARN_ABOUT_RETURN_TYPE = YES_ERROR;
				GCC_WARN_UNDECLARED_SELECTOR = YES;
				GCC_WARN_UNINITIALIZED_AUTOS = YES_AGGRESSIVE;
				GCC_WARN_UNUSED_FUNCTION = YES;
				GCC_WARN_UNUSED_VARIABLE = YES;
				IPHONEOS_DEPLOYMENT_TARGET = 9.2;
				MTL_ENABLE_DEBUG_INFO = YES;
				ONLY_ACTIVE_ARCH = YES;
				SDKROOT = iphoneos;
				VERSIONING_SYSTEM = "apple-generic";
			};
			name = Debug;
		};
		840FEE761CB622C90056C7BE /* Release */ = {
			isa = XCBuildConfiguration;
			buildSettings = {
				ALWAYS_SEARCH_USER_PATHS = NO;
				CLANG_CXX_LANGUAGE_STANDARD = "gnu++0x";
				CLANG_CXX_LIBRARY = "libc++";
				CLANG_ENABLE_MODULES = YES;
				CLANG_ENABLE_OBJC_ARC = YES;
				CLANG_WARN_BOOL_CONVERSION = YES;
				CLANG_WARN_CONSTANT_CONVERSION = YES;
				CLANG_WARN_DIRECT_OBJC_ISA_USAGE = YES_ERROR;
				CLANG_WARN_EMPTY_BODY = YES;
				CLANG_WARN_ENUM_CONVERSION = YES;
				CLANG_WARN_INT_CONVERSION = YES;
				CLANG_WARN_OBJC_ROOT_CLASS = YES_ERROR;
				CLANG_WARN_UNREACHABLE_CODE = YES;
				CLANG_WARN__DUPLICATE_METHOD_MATCH = YES;
				"CODE_SIGN_IDENTITY[sdk=iphoneos*]" = "iPhone Developer";
				COPY_PHASE_STRIP = NO;
				CURRENT_PROJECT_VERSION = 126;
				DEBUG_INFORMATION_FORMAT = "dwarf-with-dsym";
				ENABLE_NS_ASSERTIONS = NO;
				ENABLE_STRICT_OBJC_MSGSEND = YES;
				GCC_C_LANGUAGE_STANDARD = gnu99;
				GCC_NO_COMMON_BLOCKS = YES;
				GCC_WARN_64_TO_32_BIT_CONVERSION = YES;
				GCC_WARN_ABOUT_RETURN_TYPE = YES_ERROR;
				GCC_WARN_UNDECLARED_SELECTOR = YES;
				GCC_WARN_UNINITIALIZED_AUTOS = YES_AGGRESSIVE;
				GCC_WARN_UNUSED_FUNCTION = YES;
				GCC_WARN_UNUSED_VARIABLE = YES;
				IPHONEOS_DEPLOYMENT_TARGET = 9.2;
				MTL_ENABLE_DEBUG_INFO = NO;
				SDKROOT = iphoneos;
				VALIDATE_PRODUCT = YES;
				VERSIONING_SYSTEM = "apple-generic";
			};
			name = Release;
		};
		840FEE781CB622C90056C7BE /* Debug */ = {
			isa = XCBuildConfiguration;
			baseConfigurationReference = 25F9FEEDBCEE3555D48FCC8A /* Pods.debug.xcconfig */;
			buildSettings = {
				ASSETCATALOG_COMPILER_APPICON_NAME = AppIcon;
				ASSETCATALOG_COMPILER_LAUNCHIMAGE_NAME = LaunchImage;
				CODE_SIGN_ENTITLEMENTS = Openlab/Openlab.entitlements;
				CODE_SIGN_IDENTITY = "iPhone Developer";
				"CODE_SIGN_IDENTITY[sdk=iphoneos*]" = "iPhone Developer";
				ENABLE_BITCODE = YES;
				HEADER_SEARCH_PATHS = (
					"$(inherited)",
					"\"${PODS_ROOT}/Headers/Public\"",
					"\"${PODS_ROOT}/Headers/Public/AFNetworking\"",
					"\"${PODS_ROOT}/Headers/Public/CustomIOSAlertView\"",
					"\"${PODS_ROOT}/Headers/Public/MBProgressHUD\"",
					"\"${PODS_ROOT}/Headers/Public/SDWebImage\"",
					"\"${PODS_ROOT}/Headers/Public/Toast\"",
					/usr/include/libxml2,
				);
				INFOPLIST_FILE = Openlab/Info.plist;
				IPHONEOS_DEPLOYMENT_TARGET = 7.0;
				LD_RUNPATH_SEARCH_PATHS = "$(inherited) @executable_path/Frameworks";
				LIBRARY_SEARCH_PATHS = (
					"$(inherited)",
					"$(PROJECT_DIR)/Openlab",
				);
				OTHER_LDFLAGS = (
					"$(inherited)",
					"-ObjC",
					"-l\"AFNetworking\"",
					"-l\"MBProgressHUD\"",
					"-l\"SDWebImage\"",
					"-l\"Toast\"",
					"-framework",
					"\"CoreGraphics\"",
					"-framework",
					"\"ImageIO\"",
					"-framework",
					"\"MobileCoreServices\"",
					"-framework",
					"\"QuartzCore\"",
					"-framework",
					"\"Security\"",
					"-framework",
					"\"SystemConfiguration\"",
					"-lxml2",
				);
				PRODUCT_BUNDLE_IDENTIFIER = cn.lztech.Openlab;
				PRODUCT_NAME = "$(TARGET_NAME)";
				PROVISIONING_PROFILE = "";
			};
			name = Debug;
		};
		840FEE791CB622C90056C7BE /* Release */ = {
			isa = XCBuildConfiguration;
			baseConfigurationReference = 71DEF7374D70CBA788026FD2 /* Pods.release.xcconfig */;
			buildSettings = {
				ASSETCATALOG_COMPILER_APPICON_NAME = AppIcon;
				ASSETCATALOG_COMPILER_LAUNCHIMAGE_NAME = LaunchImage;
				CODE_SIGN_ENTITLEMENTS = Openlab/Openlab.entitlements;
				CODE_SIGN_IDENTITY = "iPhone Developer";
				"CODE_SIGN_IDENTITY[sdk=iphoneos*]" = "iPhone Developer";
				ENABLE_BITCODE = YES;
				HEADER_SEARCH_PATHS = (
					"$(inherited)",
					"\"${PODS_ROOT}/Headers/Public\"",
					"\"${PODS_ROOT}/Headers/Public/AFNetworking\"",
					"\"${PODS_ROOT}/Headers/Public/CustomIOSAlertView\"",
					"\"${PODS_ROOT}/Headers/Public/MBProgressHUD\"",
					"\"${PODS_ROOT}/Headers/Public/SDWebImage\"",
					"\"${PODS_ROOT}/Headers/Public/Toast\"",
					/usr/include/libxml2,
				);
				INFOPLIST_FILE = Openlab/Info.plist;
				IPHONEOS_DEPLOYMENT_TARGET = 7.0;
				LD_RUNPATH_SEARCH_PATHS = "$(inherited) @executable_path/Frameworks";
				LIBRARY_SEARCH_PATHS = (
					"$(inherited)",
					"$(PROJECT_DIR)/Openlab",
				);
				OTHER_LDFLAGS = (
					"$(inherited)",
					"-ObjC",
					"-l\"AFNetworking\"",
					"-l\"MBProgressHUD\"",
					"-l\"SDWebImage\"",
					"-l\"Toast\"",
					"-framework",
					"\"CoreGraphics\"",
					"-framework",
					"\"ImageIO\"",
					"-framework",
					"\"MobileCoreServices\"",
					"-framework",
					"\"QuartzCore\"",
					"-framework",
					"\"Security\"",
					"-framework",
					"\"SystemConfiguration\"",
					"-lxml2",
				);
				PRODUCT_BUNDLE_IDENTIFIER = cn.lztech.Openlab;
				PRODUCT_NAME = "$(TARGET_NAME)";
				PROVISIONING_PROFILE = "";
			};
			name = Release;
		};
		840FEE7B1CB622C90056C7BE /* Debug */ = {
			isa = XCBuildConfiguration;
			buildSettings = {
				BUNDLE_LOADER = "$(TEST_HOST)";
				INFOPLIST_FILE = OpenlabTests/Info.plist;
				LD_RUNPATH_SEARCH_PATHS = "$(inherited) @executable_path/Frameworks @loader_path/Frameworks";
				PRODUCT_BUNDLE_IDENTIFIER = cn.lztech.OpenlabTests;
				PRODUCT_NAME = "$(TARGET_NAME)";
				TEST_HOST = "$(BUILT_PRODUCTS_DIR)/Openlab.app/Openlab";
			};
			name = Debug;
		};
		840FEE7C1CB622C90056C7BE /* Release */ = {
			isa = XCBuildConfiguration;
			buildSettings = {
				BUNDLE_LOADER = "$(TEST_HOST)";
				INFOPLIST_FILE = OpenlabTests/Info.plist;
				LD_RUNPATH_SEARCH_PATHS = "$(inherited) @executable_path/Frameworks @loader_path/Frameworks";
				PRODUCT_BUNDLE_IDENTIFIER = cn.lztech.OpenlabTests;
				PRODUCT_NAME = "$(TARGET_NAME)";
				TEST_HOST = "$(BUILT_PRODUCTS_DIR)/Openlab.app/Openlab";
			};
			name = Release;
		};
		840FEE7E1CB622C90056C7BE /* Debug */ = {
			isa = XCBuildConfiguration;
			buildSettings = {
				INFOPLIST_FILE = OpenlabUITests/Info.plist;
				LD_RUNPATH_SEARCH_PATHS = "$(inherited) @executable_path/Frameworks @loader_path/Frameworks";
				PRODUCT_BUNDLE_IDENTIFIER = cn.lztech.OpenlabUITests;
				PRODUCT_NAME = "$(TARGET_NAME)";
				TEST_TARGET_NAME = Openlab;
				USES_XCTRUNNER = YES;
			};
			name = Debug;
		};
		840FEE7F1CB622C90056C7BE /* Release */ = {
			isa = XCBuildConfiguration;
			buildSettings = {
				INFOPLIST_FILE = OpenlabUITests/Info.plist;
				LD_RUNPATH_SEARCH_PATHS = "$(inherited) @executable_path/Frameworks @loader_path/Frameworks";
				PRODUCT_BUNDLE_IDENTIFIER = cn.lztech.OpenlabUITests;
				PRODUCT_NAME = "$(TARGET_NAME)";
				TEST_TARGET_NAME = Openlab;
				USES_XCTRUNNER = YES;
			};
			name = Release;
		};
/* End XCBuildConfiguration section */

/* Begin XCConfigurationList section */
		840FEE451CB622C60056C7BE /* Build configuration list for PBXProject "Openlab" */ = {
			isa = XCConfigurationList;
			buildConfigurations = (
				840FEE751CB622C90056C7BE /* Debug */,
				840FEE761CB622C90056C7BE /* Release */,
			);
			defaultConfigurationIsVisible = 0;
			defaultConfigurationName = Release;
		};
		840FEE771CB622C90056C7BE /* Build configuration list for PBXNativeTarget "Openlab" */ = {
			isa = XCConfigurationList;
			buildConfigurations = (
				840FEE781CB622C90056C7BE /* Debug */,
				840FEE791CB622C90056C7BE /* Release */,
			);
			defaultConfigurationIsVisible = 0;
			defaultConfigurationName = Release;
		};
		840FEE7A1CB622C90056C7BE /* Build configuration list for PBXNativeTarget "OpenlabTests" */ = {
			isa = XCConfigurationList;
			buildConfigurations = (
				840FEE7B1CB622C90056C7BE /* Debug */,
				840FEE7C1CB622C90056C7BE /* Release */,
			);
			defaultConfigurationIsVisible = 0;
			defaultConfigurationName = Release;
		};
		840FEE7D1CB622C90056C7BE /* Build configuration list for PBXNativeTarget "OpenlabUITests" */ = {
			isa = XCConfigurationList;
			buildConfigurations = (
				840FEE7E1CB622C90056C7BE /* Debug */,
				840FEE7F1CB622C90056C7BE /* Release */,
			);
			defaultConfigurationIsVisible = 0;
			defaultConfigurationName = Release;
		};
/* End XCConfigurationList section */
	};
	rootObject = 840FEE421CB622C60056C7BE /* Project object */;
}
